
Microsoft Visual Studio Solution File, Format Version 12.00
# Visual Studio Version 17
VisualStudioVersion = 17.14.36915.13 d17.14
MinimumVisualStudioVersion = 10.0.40219.1
Project("{2150E333-8FDC-42A3-9474-1A3956D46DE8}") = "src", "src", "{02EA681E-C7D8-13C7-8484-4AC65E1B71E8}"
EndProject
Project("{2150E333-8FDC-42A3-9474-1A3956D46DE8}") = "test", "test", "{C0B85265-6AC4-4DA8-AFB0-8156EDB87421}"
EndProject
Project("{2150E333-8FDC-42A3-9474-1A3956D46DE8}") = "Core", "Core", "{C29E724D-0305-4B2D-AC6C-0721BCCB6853}"
EndProject
Project("{2150E333-8FDC-42A3-9474-1A3956D46DE8}") = "External", "External", "{6810399B-7588-469D-9215-4F79A00F6381}"
EndProject
Project("{FAE04EC0-301F-11D3-BF4B-00C04F79EFBC}") = "OnlineBankAppServer.Application", "OnlineBankAppServer.Application\OnlineBankAppServer.Application.csproj", "{3A5C7E61-55C2-46D7-BB69-801FF415B5BB}"
EndProject
Project("{FAE04EC0-301F-11D3-BF4B-00C04F79EFBC}") = "OnlineBankAppServer.Domain", "OnlineBankAppServer.Domain\OnlineBankAppServer.Domain.csproj", "{A4DCAA45-9EB9-44E5-85C3-3A664299EF31}"
EndProject
Project("{FAE04EC0-301F-11D3-BF4B-00C04F79EFBC}") = "OnlineBankAppServer.Infrasturcture", "OnlineBankAppServer.Infrasturcture\OnlineBankAppServer.Infrasturcture.csproj", "{048B4D29-39C9-4A2E-B9DD-E43024E13FC3}"
EndProject
Project("{FAE04EC0-301F-11D3-BF4B-00C04F79EFBC}") = "OnlineBankAppServer.Persistance", "OnlineBankAppServer.Persistance\OnlineBankAppServer.Persistance.csproj", "{C7CBE367-A524-4485-BD77-6816815B80E4}"
EndProject
Project("{FAE04EC0-301F-11D3-BF4B-00C04F79EFBC}") = "OnlineBankAppServer.Presentation", "OnlineBankAppServer.Presentation\OnlineBankAppServer.Presentation.csproj", "{3512AEBF-AA82-4315-9B05-82C04336A20F}"
EndProject
Project("{FAE04EC0-301F-11D3-BF4B-00C04F79EFBC}") = "OnlineBankAppServer.WebApi", "OnlineBankAppServer.WebApi\OnlineBankAppServer.WebApi.csproj", "{4A261217-ED68-4CAB-9627-D4873CF5B697}"
EndProject
Global
	GlobalSection(SolutionConfigurationPlatforms) = preSolution
		Debug|Any CPU = Debug|Any CPU
		Release|Any CPU = Release|Any CPU
	EndGlobalSection
	GlobalSection(ProjectConfigurationPlatforms) = postSolution
		{3A5C7E61-55C2-46D7-BB69-801FF415B5BB}.Debug|Any CPU.ActiveCfg = Debug|Any CPU
		{3A5C7E61-55C2-46D7-BB69-801FF415B5BB}.Debug|Any CPU.Build.0 = Debug|Any CPU
		{3A5C7E61-55C2-46D7-BB69-801FF415B5BB}.Release|Any CPU.ActiveCfg = Release|Any CPU
		{3A5C7E61-55C2-46D7-BB69-801FF415B5BB}.Release|Any CPU.Build.0 = Release|Any CPU
		{A4DCAA45-9EB9-44E5-85C3-3A664299EF31}.Debug|Any CPU.ActiveCfg = Debug|Any CPU
		{A4DCAA45-9EB9-44E5-85C3-3A664299EF31}.Debug|Any CPU.Build.0 = Debug|Any CPU
		{A4DCAA45-9EB9-44E5-85C3-3A664299EF31}.Release|Any CPU.ActiveCfg = Release|Any CPU
		{A4DCAA45-9EB9-44E5-85C3-3A664299EF31}.Release|Any CPU.Build.0 = Release|Any CPU
		{048B4D29-39C9-4A2E-B9DD-E43024E13FC3}.Debug|Any CPU.ActiveCfg = Debug|Any CPU
		{048B4D29-39C9-4A2E-B9DD-E43024E13FC3}.Debug|Any CPU.Build.0 = Debug|Any CPU
		{048B4D29-39C9-4A2E-B9DD-E43024E13FC3}.Release|Any CPU.ActiveCfg = Release|Any CPU
		{048B4D29-39C9-4A2E-B9DD-E43024E13FC3}.Release|Any CPU.Build.0 = Release|Any CPU
		{C7CBE367-A524-4485-BD77-6816815B80E4}.Debug|Any CPU.ActiveCfg = Debug|Any CPU
		{C7CBE367-A524-4485-BD77-6816815B80E4}.Debug|Any CPU.Build.0 = Debug|Any CPU
		{C7CBE367-A524-4485-BD77-6816815B80E4}.Release|Any CPU.ActiveCfg = Release|Any CPU
		{C7CBE367-A524-4485-BD77-6816815B80E4}.Release|Any CPU.Build.0 = Release|Any CPU
		{3512AEBF-AA82-4315-9B05-82C04336A20F}.Debug|Any CPU.ActiveCfg = Debug|Any CPU
		{3512AEBF-AA82-4315-9B05-82C04336A20F}.Debug|Any CPU.Build.0 = Debug|Any CPU
		{3512AEBF-AA82-4315-9B05-82C04336A20F}.Release|Any CPU.ActiveCfg = Release|Any CPU
		{3512AEBF-AA82-4315-9B05-82C04336A20F}.Release|Any CPU.Build.0 = Release|Any CPU
		{4A261217-ED68-4CAB-9627-D4873CF5B697}.Debug|Any CPU.ActiveCfg = Debug|Any CPU
		{4A261217-ED68-4CAB-9627-D4873CF5B697}.Debug|Any CPU.Build.0 = Debug|Any CPU
		{4A261217-ED68-4CAB-9627-D4873CF5B697}.Release|Any CPU.ActiveCfg = Release|Any CPU
		{4A261217-ED68-4CAB-9627-D4873CF5B697}.Release|Any CPU.Build.0 = Release|Any CPU
	EndGlobalSection
	GlobalSection(SolutionProperties) = preSolution
		HideSolutionNode = FALSE
	EndGlobalSection
	GlobalSection(NestedProjects) = preSolution
		{C29E724D-0305-4B2D-AC6C-0721BCCB6853} = {02EA681E-C7D8-13C7-8484-4AC65E1B71E8}
		{6810399B-7588-469D-9215-4F79A00F6381} = {02EA681E-C7D8-13C7-8484-4AC65E1B71E8}
		{3A5C7E61-55C2-46D7-BB69-801FF415B5BB} = {C29E724D-0305-4B2D-AC6C-0721BCCB6853}
		{A4DCAA45-9EB9-44E5-85C3-3A664299EF31} = {C29E724D-0305-4B2D-AC6C-0721BCCB6853}
		{048B4D29-39C9-4A2E-B9DD-E43024E13FC3} = {6810399B-7588-469D-9215-4F79A00F6381}
		{C7CBE367-A524-4485-BD77-6816815B80E4} = {6810399B-7588-469D-9215-4F79A00F6381}
		{3512AEBF-AA82-4315-9B05-82C04336A20F} = {6810399B-7588-469D-9215-4F79A00F6381}
		{4A261217-ED68-4CAB-9627-D4873CF5B697} = {02EA681E-C7D8-13C7-8484-4AC65E1B71E8}
	EndGlobalSection
	GlobalSection(ExtensibilityGlobals) = postSolution
		SolutionGuid = {99AD726E-AF2B-4950-96E9-2F043B5FDBC2}
	EndGlobalSection
EndGlobal
